connexion==2.6.0
Flask==1.1.2
Flask-Cors==3.0.8
uWSGI==2.0.18
uwsgitop==0.11
requests==2.23.0
SQLAlchemy==1.3.16
psycopg2-binary==2.8.5
## The following requirements were added by pip freeze:
attrs==19.3.0
certifi==2020.4.5.1
chardet==3.0.4
click==7.1.1
clickclick==1.2.2
idna==2.9
importlib-metadata==1.6.0
inflection==0.4.0
itsdangerous==1.1.0
Jinja2==2.11.1
jsonschema==3.2.0
MarkupSafe==1.1.1
openapi-spec-validator==0.2.8
pyrsistent==0.16.0
PyYAML==5.3.1
six==1.14.0
swagger-ui-bundle==0.0.6
urllib3==1.25.8
Werkzeug==1.0.1
zipp==3.1.0
